
Microsoft Visual Studio Solution File, Format Version 12.00
# Visual Studio Version 16
VisualStudioVersion = 16.0.31515.178
MinimumVisualStudioVersion = 10.0.40219.1
Project("{FAE04EC0-301F-11D3-BF4B-00C04F79EFBC}") = "Reflection.Demo", "Reflection.Demo\Reflection.Demo.csproj", "{7C46575F-5890-45D6-BE7D-A4DBAB157966}"
EndProject
Project("{FAE04EC0-301F-11D3-BF4B-00C04F79EFBC}") = "PrintAll", "PrintAll\PrintAll.csproj", "{DD6124CD-DBDB-41BA-8AAF-DCCA08F75AE7}"
EndProject
Global
	GlobalSection(SolutionConfigurationPlatforms) = preSolution
		Debug|Any CPU = Debug|Any CPU
		Release|Any CPU = Release|Any CPU
	EndGlobalSection
	GlobalSection(ProjectConfigurationPlatforms) = postSolution
		{7C46575F-5890-45D6-BE7D-A4DBAB157966}.Debug|Any CPU.ActiveCfg = Debug|Any CPU
		{7C46575F-5890-45D6-BE7D-A4DBAB157966}.Debug|Any CPU.Build.0 = Debug|Any CPU
		{7C46575F-5890-45D6-BE7D-A4DBAB157966}.Release|Any CPU.ActiveCfg = Release|Any CPU
		{7C46575F-5890-45D6-BE7D-A4DBAB157966}.Release|Any CPU.Build.0 = Release|Any CPU
		{DD6124CD-DBDB-41BA-8AAF-DCCA08F75AE7}.Debug|Any CPU.ActiveCfg = Debug|Any CPU
		{DD6124CD-DBDB-41BA-8AAF-DCCA08F75AE7}.Debug|Any CPU.Build.0 = Debug|Any CPU
		{DD6124CD-DBDB-41BA-8AAF-DCCA08F75AE7}.Release|Any CPU.ActiveCfg = Release|Any CPU
		{DD6124CD-DBDB-41BA-8AAF-DCCA08F75AE7}.Release|Any CPU.Build.0 = Release|Any CPU
	EndGlobalSection
	GlobalSection(SolutionProperties) = preSolution
		HideSolutionNode = FALSE
	EndGlobalSection
	GlobalSection(ExtensibilityGlobals) = postSolution
		SolutionGuid = {F69332D9-34D8-4C7F-8198-960B83E16CAF}
	EndGlobalSection
EndGlobal
